
Microsoft Visual Studio Solution File, Format Version 12.00
# Visual Studio Version 16
VisualStudioVersion = 16.0.30128.74
MinimumVisualStudioVersion = 10.0.40219.1
Project("{9A19103F-16F7-4668-BE54-9A1E7A4F7556}") = "Host", "Host\Host.csproj", "{07775ADB-D15A-4E41-97FD-B13ABC502E6F}"
EndProject
Project("{FAE04EC0-301F-11D3-BF4B-00C04F79EFBC}") = "Server", "Server\Server.csproj", "{0D4657B8-6951-4F55-B46F-BAEFDA641B64}"
EndProject
Project("{FAE04EC0-301F-11D3-BF4B-00C04F79EFBC}") = "Client", "Client\Client.csproj", "{FC3F3EF4-BAE4-4424-A219-2A886BC1D26D}"
EndProject
Global
	GlobalSection(SolutionConfigurationPlatforms) = preSolution
		Debug|Any CPU = Debug|Any CPU
		Release|Any CPU = Release|Any CPU
	EndGlobalSection
	GlobalSection(ProjectConfigurationPlatforms) = postSolution
		{07775ADB-D15A-4E41-97FD-B13ABC502E6F}.Debug|Any CPU.ActiveCfg = Debug|Any CPU
		{07775ADB-D15A-4E41-97FD-B13ABC502E6F}.Debug|Any CPU.Build.0 = Debug|Any CPU
		{07775ADB-D15A-4E41-97FD-B13ABC502E6F}.Release|Any CPU.ActiveCfg = Release|Any CPU
		{07775ADB-D15A-4E41-97FD-B13ABC502E6F}.Release|Any CPU.Build.0 = Release|Any CPU
		{0D4657B8-6951-4F55-B46F-BAEFDA641B64}.Debug|Any CPU.ActiveCfg = Debug|Any CPU
		{0D4657B8-6951-4F55-B46F-BAEFDA641B64}.Debug|Any CPU.Build.0 = Debug|Any CPU
		{0D4657B8-6951-4F55-B46F-BAEFDA641B64}.Release|Any CPU.ActiveCfg = Release|Any CPU
		{0D4657B8-6951-4F55-B46F-BAEFDA641B64}.Release|Any CPU.Build.0 = Release|Any CPU
		{FC3F3EF4-BAE4-4424-A219-2A886BC1D26D}.Debug|Any CPU.ActiveCfg = Debug|Any CPU
		{FC3F3EF4-BAE4-4424-A219-2A886BC1D26D}.Debug|Any CPU.Build.0 = Debug|Any CPU
		{FC3F3EF4-BAE4-4424-A219-2A886BC1D26D}.Release|Any CPU.ActiveCfg = Release|Any CPU
		{FC3F3EF4-BAE4-4424-A219-2A886BC1D26D}.Release|Any CPU.Build.0 = Release|Any CPU
	EndGlobalSection
	GlobalSection(SolutionProperties) = preSolution
		HideSolutionNode = FALSE
	EndGlobalSection
	GlobalSection(ExtensibilityGlobals) = postSolution
		SolutionGuid = {18E62EBD-C8A3-41EC-B4FD-FDF9CDD4C53C}
	EndGlobalSection
EndGlobal
